
Microsoft Visual Studio Solution File, Format Version 12.00
# Visual Studio Version 16
VisualStudioVersion = 16.0.29613.14
MinimumVisualStudioVersion = 10.0.40219.1
Project("{FAE04EC0-301F-11D3-BF4B-00C04F79EFBC}") = "AirwaysWithEF", "AirwaysWithEF\AirwaysWithEF.csproj", "{7EAFCB5E-C202-46E1-83D6-DEECA39B87E4}"
EndProject
Project("{FAE04EC0-301F-11D3-BF4B-00C04F79EFBC}") = "DAL", "DAL\DAL.csproj", "{8796652D-0857-4C8F-AD7C-37C47F4BCCF7}"
EndProject
Global
	GlobalSection(SolutionConfigurationPlatforms) = preSolution
		Debug|Any CPU = Debug|Any CPU
		Release|Any CPU = Release|Any CPU
	EndGlobalSection
	GlobalSection(ProjectConfigurationPlatforms) = postSolution
		{7EAFCB5E-C202-46E1-83D6-DEECA39B87E4}.Debug|Any CPU.ActiveCfg = Debug|Any CPU
		{7EAFCB5E-C202-46E1-83D6-DEECA39B87E4}.Debug|Any CPU.Build.0 = Debug|Any CPU
		{7EAFCB5E-C202-46E1-83D6-DEECA39B87E4}.Release|Any CPU.ActiveCfg = Release|Any CPU
		{7EAFCB5E-C202-46E1-83D6-DEECA39B87E4}.Release|Any CPU.Build.0 = Release|Any CPU
		{8796652D-0857-4C8F-AD7C-37C47F4BCCF7}.Debug|Any CPU.ActiveCfg = Debug|Any CPU
		{8796652D-0857-4C8F-AD7C-37C47F4BCCF7}.Debug|Any CPU.Build.0 = Debug|Any CPU
		{8796652D-0857-4C8F-AD7C-37C47F4BCCF7}.Release|Any CPU.ActiveCfg = Release|Any CPU
		{8796652D-0857-4C8F-AD7C-37C47F4BCCF7}.Release|Any CPU.Build.0 = Release|Any CPU
	EndGlobalSection
	GlobalSection(SolutionProperties) = preSolution
		HideSolutionNode = FALSE
	EndGlobalSection
	GlobalSection(ExtensibilityGlobals) = postSolution
		SolutionGuid = {77FD315A-27A0-42ED-B5AB-8B9DF92038F5}
	EndGlobalSection
EndGlobal
